PODS:
  - Flutter (1.0.0)
  - integration_test (0.0.1):
    - Flutter
  - sariska-media-transport (1.1.4)
  - sariska_media_flutter_sdk (0.0.1):
    - Flutter

DEPENDENCIES:
  - Flutter (from `Flutter`)
  - integration_test (from `.symlinks/plugins/integration_test/ios`)
  - sariska-media-transport (from `https://github.com/SariskaIO/sariska-ios-sdk-releases.git`, branch `ios`)
  - sariska_media_flutter_sdk (from `.symlinks/plugins/sariska_media_flutter_sdk/ios`)

EXTERNAL SOURCES:
  Flutter:
    :path: Flutter
  integration_test:
    :path: ".symlinks/plugins/integration_test/ios"
  sariska-media-transport:
    :branch: ios
    :git: https://github.com/SariskaIO/sariska-ios-sdk-releases.git
  sariska_media_flutter_sdk:
    :path: ".symlinks/plugins/sariska_media_flutter_sdk/ios"

CHECKOUT OPTIONS:
  sariska-media-transport:
    :commit: 04d576a3b708dc6d8b1f2b0838d951856831429f
    :git: https://github.com/SariskaIO/sariska-ios-sdk-releases.git

SPEC CHECKSUMS:
  Flutter: f04841e97a9d0b0a8025694d0796dd46242b2854
  integration_test: 13825b8a9334a850581300559b8839134b124670
  sariska-media-transport: 9b5fe78ab61ab12c2c11b43f62c77908b201003b
  sariska_media_flutter_sdk: 1b02afc6b15b24fc87bdeb6132f4a0973bda8b22

PODFILE CHECKSUM: 45c06ac99f31260f0acd9d51168c1a148660556a

COCOAPODS: 1.12.1
