PODS:
  - Flutter (1.0.0)
  - fluttertoast (0.0.2):
    - Flutter
    - Toast
  - integration_test (0.0.1):
    - Flutter
  - permission_handler_apple (9.1.1):
    - Flutter
  - sariska-media-transport (1.1.8)
  - sariska_media_flutter_sdk (0.0.1):
    - Flutter
  - Toast (4.0.0)

DEPENDENCIES:
  - Flutter (from `Flutter`)
  - fluttertoast (from `.symlinks/plugins/fluttertoast/ios`)
  - integration_test (from `.symlinks/plugins/integration_test/ios`)
  - permission_handler_apple (from `.symlinks/plugins/permission_handler_apple/ios`)
  - sariska-media-transport (from `/Users/dipaksisodiya/desktop/sariska/sdks/sariska-ios-sdk-releases`)
  - sariska_media_flutter_sdk (from `.symlinks/plugins/sariska_media_flutter_sdk/ios`)

SPEC REPOS:
  trunk:
    - Toast

EXTERNAL SOURCES:
  Flutter:
    :path: Flutter
  fluttertoast:
    :path: ".symlinks/plugins/fluttertoast/ios"
  integration_test:
    :path: ".symlinks/plugins/integration_test/ios"
  permission_handler_apple:
    :path: ".symlinks/plugins/permission_handler_apple/ios"
  sariska-media-transport:
    :path: "/Users/dipaksisodiya/desktop/sariska/sdks/sariska-ios-sdk-releases"
  sariska_media_flutter_sdk:
    :path: ".symlinks/plugins/sariska_media_flutter_sdk/ios"

SPEC CHECKSUMS:
  Flutter: f04841e97a9d0b0a8025694d0796dd46242b2854
  fluttertoast: fafc4fa4d01a6a9e4f772ecd190ffa525e9e2d9c
  integration_test: 13825b8a9334a850581300559b8839134b124670
  permission_handler_apple: e76247795d700c14ea09e3a2d8855d41ee80a2e6
  sariska-media-transport: 86779466f8ea3f5ad1080a5a0eeea8c070f04ee2
  sariska_media_flutter_sdk: 1b02afc6b15b24fc87bdeb6132f4a0973bda8b22
  Toast: 91b396c56ee72a5790816f40d3a94dd357abc196

PODFILE CHECKSUM: 8dccdf7fec2d013655a92fd165032d95e1a6a821

COCOAPODS: 1.12.1
